
Microsoft Visual Studio Solution File, Format Version 12.00
Project("{2150E333-8FDC-42A3-9474-1A3956D46DE8}") = "src", "src", "{4ED52325-FEBE-4143-BE24-959F1F32E7D8}"
EndProject
Project("{2150E333-8FDC-42A3-9474-1A3956D46DE8}") = "Core", "Core", "{C97C2AC2-0039-4AD5-B2B0-B2AD86F8D892}"
EndProject
Project("{2150E333-8FDC-42A3-9474-1A3956D46DE8}") = "External", "External", "{165884FA-6FE6-4E00-9298-5D1EDB8F3AD0}"
EndProject
Project("{FAE04EC0-301F-11D3-BF4B-00C04F79EFBC}") = "Domain", "Domain\Domain.csproj", "{EDCBFBF1-0A36-418A-8F77-4B49918CA1DE}"
EndProject
Project("{FAE04EC0-301F-11D3-BF4B-00C04F79EFBC}") = "Application", "Application\Application.csproj", "{52948C0F-8CF5-4557-A336-F82963EBA0BF}"
EndProject
Project("{FAE04EC0-301F-11D3-BF4B-00C04F79EFBC}") = "Persistence", "Persistence\Persistence.csproj", "{A3BDC940-0A81-4008-A28D-B8F2D09CE5F5}"
EndProject
Project("{FAE04EC0-301F-11D3-BF4B-00C04F79EFBC}") = "Api", "Api\Api.csproj", "{19773541-B805-414C-B6B8-087810365E12}"
EndProject
Project("{2150E333-8FDC-42A3-9474-1A3956D46DE8}") = "Tests", "Tests", "{0E2B68E8-A9B2-E1A1-04AD-F2A33A863A9A}"
EndProject
Project("{2150E333-8FDC-42A3-9474-1A3956D46DE8}") = "Core", "Core", "{5C35D9BE-388A-8745-CD5F-BB8E361A8720}"
EndProject
Project("{FAE04EC0-301F-11D3-BF4B-00C04F79EFBC}") = "Application.Tests", "tests\Application.Tests\Application.Tests.csproj", "{FC643C23-7B75-4748-8A46-CCD19431E7AA}"
EndProject
Project("{2150E333-8FDC-42A3-9474-1A3956D46DE8}") = "External", "External", "{525D8F67-DF9B-D7CA-6D99-9BAF2C1FB094}"
EndProject
Project("{FAE04EC0-301F-11D3-BF4B-00C04F79EFBC}") = "Api.Tests", "tests\Api.Tests\Api.Tests.csproj", "{E19FA0A6-25D4-4FE5-BF80-056F9EE2DF81}"
EndProject
Project("{FAE04EC0-301F-11D3-BF4B-00C04F79EFBC}") = "Persistence.Tests", "tests\Persistence.Tests\Persistence.Tests.csproj", "{897F7765-14C9-4EED-8256-DE583218AAEF}"
EndProject
Global
	GlobalSection(SolutionConfigurationPlatforms) = preSolution
		Debug|Any CPU = Debug|Any CPU
		Debug|x64 = Debug|x64
		Debug|x86 = Debug|x86
		Release|Any CPU = Release|Any CPU
		Release|x64 = Release|x64
		Release|x86 = Release|x86
	EndGlobalSection
	GlobalSection(ProjectConfigurationPlatforms) = postSolution
		{EDCBFBF1-0A36-418A-8F77-4B49918CA1DE}.Debug|Any CPU.ActiveCfg = Debug|Any CPU
		{EDCBFBF1-0A36-418A-8F77-4B49918CA1DE}.Debug|Any CPU.Build.0 = Debug|Any CPU
		{EDCBFBF1-0A36-418A-8F77-4B49918CA1DE}.Debug|x64.ActiveCfg = Debug|Any CPU
		{EDCBFBF1-0A36-418A-8F77-4B49918CA1DE}.Debug|x64.Build.0 = Debug|Any CPU
		{EDCBFBF1-0A36-418A-8F77-4B49918CA1DE}.Debug|x86.ActiveCfg = Debug|Any CPU
		{EDCBFBF1-0A36-418A-8F77-4B49918CA1DE}.Debug|x86.Build.0 = Debug|Any CPU
		{EDCBFBF1-0A36-418A-8F77-4B49918CA1DE}.Release|Any CPU.ActiveCfg = Release|Any CPU
		{EDCBFBF1-0A36-418A-8F77-4B49918CA1DE}.Release|Any CPU.Build.0 = Release|Any CPU
		{EDCBFBF1-0A36-418A-8F77-4B49918CA1DE}.Release|x64.ActiveCfg = Release|Any CPU
		{EDCBFBF1-0A36-418A-8F77-4B49918CA1DE}.Release|x64.Build.0 = Release|Any CPU
		{EDCBFBF1-0A36-418A-8F77-4B49918CA1DE}.Release|x86.ActiveCfg = Release|Any CPU
		{EDCBFBF1-0A36-418A-8F77-4B49918CA1DE}.Release|x86.Build.0 = Release|Any CPU
		{52948C0F-8CF5-4557-A336-F82963EBA0BF}.Debug|Any CPU.ActiveCfg = Debug|Any CPU
		{52948C0F-8CF5-4557-A336-F82963EBA0BF}.Debug|Any CPU.Build.0 = Debug|Any CPU
		{52948C0F-8CF5-4557-A336-F82963EBA0BF}.Debug|x64.ActiveCfg = Debug|Any CPU
		{52948C0F-8CF5-4557-A336-F82963EBA0BF}.Debug|x64.Build.0 = Debug|Any CPU
		{52948C0F-8CF5-4557-A336-F82963EBA0BF}.Debug|x86.ActiveCfg = Debug|Any CPU
		{52948C0F-8CF5-4557-A336-F82963EBA0BF}.Debug|x86.Build.0 = Debug|Any CPU
		{52948C0F-8CF5-4557-A336-F82963EBA0BF}.Release|Any CPU.ActiveCfg = Release|Any CPU
		{52948C0F-8CF5-4557-A336-F82963EBA0BF}.Release|Any CPU.Build.0 = Release|Any CPU
		{52948C0F-8CF5-4557-A336-F82963EBA0BF}.Release|x64.ActiveCfg = Release|Any CPU
		{52948C0F-8CF5-4557-A336-F82963EBA0BF}.Release|x64.Build.0 = Release|Any CPU
		{52948C0F-8CF5-4557-A336-F82963EBA0BF}.Release|x86.ActiveCfg = Release|Any CPU
		{52948C0F-8CF5-4557-A336-F82963EBA0BF}.Release|x86.Build.0 = Release|Any CPU
		{A3BDC940-0A81-4008-A28D-B8F2D09CE5F5}.Debug|Any CPU.ActiveCfg = Debug|Any CPU
		{A3BDC940-0A81-4008-A28D-B8F2D09CE5F5}.Debug|Any CPU.Build.0 = Debug|Any CPU
		{A3BDC940-0A81-4008-A28D-B8F2D09CE5F5}.Debug|x64.ActiveCfg = Debug|Any CPU
		{A3BDC940-0A81-4008-A28D-B8F2D09CE5F5}.Debug|x64.Build.0 = Debug|Any CPU
		{A3BDC940-0A81-4008-A28D-B8F2D09CE5F5}.Debug|x86.ActiveCfg = Debug|Any CPU
		{A3BDC940-0A81-4008-A28D-B8F2D09CE5F5}.Debug|x86.Build.0 = Debug|Any CPU
		{A3BDC940-0A81-4008-A28D-B8F2D09CE5F5}.Release|Any CPU.ActiveCfg = Release|Any CPU
		{A3BDC940-0A81-4008-A28D-B8F2D09CE5F5}.Release|Any CPU.Build.0 = Release|Any CPU
		{A3BDC940-0A81-4008-A28D-B8F2D09CE5F5}.Release|x64.ActiveCfg = Release|Any CPU
		{A3BDC940-0A81-4008-A28D-B8F2D09CE5F5}.Release|x64.Build.0 = Release|Any CPU
		{A3BDC940-0A81-4008-A28D-B8F2D09CE5F5}.Release|x86.ActiveCfg = Release|Any CPU
		{A3BDC940-0A81-4008-A28D-B8F2D09CE5F5}.Release|x86.Build.0 = Release|Any CPU
		{19773541-B805-414C-B6B8-087810365E12}.Debug|Any CPU.ActiveCfg = Debug|Any CPU
		{19773541-B805-414C-B6B8-087810365E12}.Debug|Any CPU.Build.0 = Debug|Any CPU
		{19773541-B805-414C-B6B8-087810365E12}.Debug|x64.ActiveCfg = Debug|Any CPU
		{19773541-B805-414C-B6B8-087810365E12}.Debug|x64.Build.0 = Debug|Any CPU
		{19773541-B805-414C-B6B8-087810365E12}.Debug|x86.ActiveCfg = Debug|Any CPU
		{19773541-B805-414C-B6B8-087810365E12}.Debug|x86.Build.0 = Debug|Any CPU
		{19773541-B805-414C-B6B8-087810365E12}.Release|Any CPU.ActiveCfg = Release|Any CPU
		{19773541-B805-414C-B6B8-087810365E12}.Release|Any CPU.Build.0 = Release|Any CPU
		{19773541-B805-414C-B6B8-087810365E12}.Release|x64.ActiveCfg = Release|Any CPU
		{19773541-B805-414C-B6B8-087810365E12}.Release|x64.Build.0 = Release|Any CPU
		{19773541-B805-414C-B6B8-087810365E12}.Release|x86.ActiveCfg = Release|Any CPU
		{19773541-B805-414C-B6B8-087810365E12}.Release|x86.Build.0 = Release|Any CPU
		{FC643C23-7B75-4748-8A46-CCD19431E7AA}.Debug|Any CPU.ActiveCfg = Debug|Any CPU
		{FC643C23-7B75-4748-8A46-CCD19431E7AA}.Debug|Any CPU.Build.0 = Debug|Any CPU
		{FC643C23-7B75-4748-8A46-CCD19431E7AA}.Debug|x64.ActiveCfg = Debug|Any CPU
		{FC643C23-7B75-4748-8A46-CCD19431E7AA}.Debug|x64.Build.0 = Debug|Any CPU
		{FC643C23-7B75-4748-8A46-CCD19431E7AA}.Debug|x86.ActiveCfg = Debug|Any CPU
		{FC643C23-7B75-4748-8A46-CCD19431E7AA}.Debug|x86.Build.0 = Debug|Any CPU
		{FC643C23-7B75-4748-8A46-CCD19431E7AA}.Release|Any CPU.ActiveCfg = Release|Any CPU
		{FC643C23-7B75-4748-8A46-CCD19431E7AA}.Release|Any CPU.Build.0 = Release|Any CPU
		{FC643C23-7B75-4748-8A46-CCD19431E7AA}.Release|x64.ActiveCfg = Release|Any CPU
		{FC643C23-7B75-4748-8A46-CCD19431E7AA}.Release|x64.Build.0 = Release|Any CPU
		{FC643C23-7B75-4748-8A46-CCD19431E7AA}.Release|x86.ActiveCfg = Release|Any CPU
		{FC643C23-7B75-4748-8A46-CCD19431E7AA}.Release|x86.Build.0 = Release|Any CPU
		{E19FA0A6-25D4-4FE5-BF80-056F9EE2DF81}.Debug|Any CPU.ActiveCfg = Debug|Any CPU
		{E19FA0A6-25D4-4FE5-BF80-056F9EE2DF81}.Debug|Any CPU.Build.0 = Debug|Any CPU
		{E19FA0A6-25D4-4FE5-BF80-056F9EE2DF81}.Debug|x64.ActiveCfg = Debug|Any CPU
		{E19FA0A6-25D4-4FE5-BF80-056F9EE2DF81}.Debug|x64.Build.0 = Debug|Any CPU
		{E19FA0A6-25D4-4FE5-BF80-056F9EE2DF81}.Debug|x86.ActiveCfg = Debug|Any CPU
		{E19FA0A6-25D4-4FE5-BF80-056F9EE2DF81}.Debug|x86.Build.0 = Debug|Any CPU
		{E19FA0A6-25D4-4FE5-BF80-056F9EE2DF81}.Release|Any CPU.ActiveCfg = Release|Any CPU
		{E19FA0A6-25D4-4FE5-BF80-056F9EE2DF81}.Release|Any CPU.Build.0 = Release|Any CPU
		{E19FA0A6-25D4-4FE5-BF80-056F9EE2DF81}.Release|x64.ActiveCfg = Release|Any CPU
		{E19FA0A6-25D4-4FE5-BF80-056F9EE2DF81}.Release|x64.Build.0 = Release|Any CPU
		{E19FA0A6-25D4-4FE5-BF80-056F9EE2DF81}.Release|x86.ActiveCfg = Release|Any CPU
		{E19FA0A6-25D4-4FE5-BF80-056F9EE2DF81}.Release|x86.Build.0 = Release|Any CPU
		{897F7765-14C9-4EED-8256-DE583218AAEF}.Debug|Any CPU.ActiveCfg = Debug|Any CPU
		{897F7765-14C9-4EED-8256-DE583218AAEF}.Debug|Any CPU.Build.0 = Debug|Any CPU
		{897F7765-14C9-4EED-8256-DE583218AAEF}.Debug|x64.ActiveCfg = Debug|Any CPU
		{897F7765-14C9-4EED-8256-DE583218AAEF}.Debug|x64.Build.0 = Debug|Any CPU
		{897F7765-14C9-4EED-8256-DE583218AAEF}.Debug|x86.ActiveCfg = Debug|Any CPU
		{897F7765-14C9-4EED-8256-DE583218AAEF}.Debug|x86.Build.0 = Debug|Any CPU
		{897F7765-14C9-4EED-8256-DE583218AAEF}.Release|Any CPU.ActiveCfg = Release|Any CPU
		{897F7765-14C9-4EED-8256-DE583218AAEF}.Release|Any CPU.Build.0 = Release|Any CPU
		{897F7765-14C9-4EED-8256-DE583218AAEF}.Release|x64.ActiveCfg = Release|Any CPU
		{897F7765-14C9-4EED-8256-DE583218AAEF}.Release|x64.Build.0 = Release|Any CPU
		{897F7765-14C9-4EED-8256-DE583218AAEF}.Release|x86.ActiveCfg = Release|Any CPU
		{897F7765-14C9-4EED-8256-DE583218AAEF}.Release|x86.Build.0 = Release|Any CPU
	EndGlobalSection
	GlobalSection(SolutionProperties) = preSolution
		HideSolutionNode = FALSE
	EndGlobalSection
	GlobalSection(NestedProjects) = preSolution
		{C97C2AC2-0039-4AD5-B2B0-B2AD86F8D892} = {4ED52325-FEBE-4143-BE24-959F1F32E7D8}
		{165884FA-6FE6-4E00-9298-5D1EDB8F3AD0} = {4ED52325-FEBE-4143-BE24-959F1F32E7D8}
		{EDCBFBF1-0A36-418A-8F77-4B49918CA1DE} = {C97C2AC2-0039-4AD5-B2B0-B2AD86F8D892}
		{52948C0F-8CF5-4557-A336-F82963EBA0BF} = {C97C2AC2-0039-4AD5-B2B0-B2AD86F8D892}
		{A3BDC940-0A81-4008-A28D-B8F2D09CE5F5} = {165884FA-6FE6-4E00-9298-5D1EDB8F3AD0}
		{19773541-B805-414C-B6B8-087810365E12} = {165884FA-6FE6-4E00-9298-5D1EDB8F3AD0}
		{0E2B68E8-A9B2-E1A1-04AD-F2A33A863A9A} = {4ED52325-FEBE-4143-BE24-959F1F32E7D8}
		{5C35D9BE-388A-8745-CD5F-BB8E361A8720} = {0E2B68E8-A9B2-E1A1-04AD-F2A33A863A9A}
		{FC643C23-7B75-4748-8A46-CCD19431E7AA} = {5C35D9BE-388A-8745-CD5F-BB8E361A8720}
		{525D8F67-DF9B-D7CA-6D99-9BAF2C1FB094} = {0E2B68E8-A9B2-E1A1-04AD-F2A33A863A9A}
		{E19FA0A6-25D4-4FE5-BF80-056F9EE2DF81} = {525D8F67-DF9B-D7CA-6D99-9BAF2C1FB094}
		{897F7765-14C9-4EED-8256-DE583218AAEF} = {525D8F67-DF9B-D7CA-6D99-9BAF2C1FB094}
	EndGlobalSection
EndGlobal
